
Microsoft Visual Studio Solution File, Format Version 12.00
# Visual Studio Version 17
VisualStudioVersion = 17.4.33205.214
MinimumVisualStudioVersion = 10.0.40219.1
Project("{8BC9CEB8-8B4A-11D0-8D11-00A0C91BC942}") = "HelloWorld", "HelloWorld\HelloWorld.vcxproj", "{257BCE10-A41E-472A-9C9E-944FE5B48DDA}"
EndProject
Project("{8BC9CEB8-8B4A-11D0-8D11-00A0C91BC942}") = "ArithmeticOperators", "ArithmeticOperators\ArithmeticOperators.vcxproj", "{81B7B7EC-B6E6-4575-AD2C-7DA324E8933E}"
EndProject
Project("{8BC9CEB8-8B4A-11D0-8D11-00A0C91BC942}") = "LogicalOperators", "LogicalOperators\LogicalOperators.vcxproj", "{8DBA7564-04BB-407D-B10A-8A2FBDA9C841}"
EndProject
Project("{8BC9CEB8-8B4A-11D0-8D11-00A0C91BC942}") = "Loops", "Loops\Loops.vcxproj", "{F15D4C72-0203-4074-B6CB-8DA132B72AE2}"
EndProject
Project("{8BC9CEB8-8B4A-11D0-8D11-00A0C91BC942}") = "Bitwise Operations", "Bitwise Operations\Bitwise Operations.vcxproj", "{40E605C2-633F-4CC5-9389-9E82A9A4C174}"
EndProject
Project("{8BC9CEB8-8B4A-11D0-8D11-00A0C91BC942}") = "Functions", "Functions\Functions.vcxproj", "{DBFF1330-8DE3-4225-AFE6-53A4AC62EE37}"
EndProject
Project("{8BC9CEB8-8B4A-11D0-8D11-00A0C91BC942}") = "Operators", "Operators\Operators.vcxproj", "{FA5DC3B7-B84D-4847-A452-F8E32DEECA53}"
EndProject
Project("{8BC9CEB8-8B4A-11D0-8D11-00A0C91BC942}") = "Lambda", "Lambda\Lambda.vcxproj", "{6C32C802-74DD-4E71-BC79-E4963BBD4DE6}"
EndProject
Project("{8BC9CEB8-8B4A-11D0-8D11-00A0C91BC942}") = "DataTypes", "DataTypes\DataTypes.vcxproj", "{1A9AD934-0BC3-4C3D-88E0-ACF0C3E8369F}"
EndProject
Project("{8BC9CEB8-8B4A-11D0-8D11-00A0C91BC942}") = "StaticTyping", "StaticTyping\StaticTyping.vcxproj", "{1B333E41-DAC7-4DE6-BE9B-FB5E9805273A}"
EndProject
Project("{8BC9CEB8-8B4A-11D0-8D11-00A0C91BC942}") = "DynamicTyping", "DynamicTyping\DynamicTyping.vcxproj", "{2632F12B-7822-4D01-A743-F929E9BB81E0}"
EndProject
Project("{8BC9CEB8-8B4A-11D0-8D11-00A0C91BC942}") = "RTTI", "RTTI\RTTI.vcxproj", "{E6BCD0BB-7112-4590-9EE1-6508206EFF84}"
EndProject
Project("{8BC9CEB8-8B4A-11D0-8D11-00A0C91BC942}") = "PointersAndRefences", "PointersAndRefences\PointersAndRefences.vcxproj", "{8E3F0C5A-95BF-4F5B-818C-944EB3EF7BC3}"
EndProject
Project("{8BC9CEB8-8B4A-11D0-8D11-00A0C91BC942}") = "Refarences", "Refarences\Refarences.vcxproj", "{85384E7C-F1FA-425E-A1C2-C227641CD3F3}"
EndProject
Project("{8BC9CEB8-8B4A-11D0-8D11-00A0C91BC942}") = "MemoryModel", "MemoryModel\MemoryModel.vcxproj", "{DBEBEC6C-84A5-44FE-8F04-199710D706D6}"
EndProject
Project("{8BC9CEB8-8B4A-11D0-8D11-00A0C91BC942}") = "LifetimeofObjects", "LifetimeofObjects\LifetimeofObjects.vcxproj", "{426B49FB-6646-45B7-B9E4-808F17E202FE}"
EndProject
Project("{8BC9CEB8-8B4A-11D0-8D11-00A0C91BC942}") = "New_DeleteOparetors", "New_DeleteOparetors\New_DeleteOparetors.vcxproj", "{E8DA5DD2-44A8-462C-81D6-0D97879E7752}"
EndProject
Project("{8BC9CEB8-8B4A-11D0-8D11-00A0C91BC942}") = "MemoryLeakage", "MemoryLeakage\MemoryLeakage.vcxproj", "{D25F530E-420C-4587-8A6D-FC63E2ED35D7}"
EndProject
Project("{8BC9CEB8-8B4A-11D0-8D11-00A0C91BC942}") = "unique_ptr", "unique_ptr\unique_ptr.vcxproj", "{00F010A9-62F1-4065-B173-F33A8874D6A2}"
EndProject
Project("{8BC9CEB8-8B4A-11D0-8D11-00A0C91BC942}") = "Shared_ptr", "Shared_ptr\Shared_ptr.vcxproj", "{BFEF9EE0-B84E-43D2-BAD6-8FBF4209ED77}"
EndProject
Project("{8BC9CEB8-8B4A-11D0-8D11-00A0C91BC942}") = "week_ptr", "week_ptr\week_ptr.vcxproj", "{A9F91C76-A2A1-4261-9412-0CC4EC0DC9D8}"
EndProject
Project("{8BC9CEB8-8B4A-11D0-8D11-00A0C91BC942}") = "StructuringCodebase", "StructuringCodebase\StructuringCodebase.vcxproj", "{0BB45F1A-F900-40CE-AC30-70FCC1E547DC}"
EndProject
Project("{8BC9CEB8-8B4A-11D0-8D11-00A0C91BC942}") = "Scope", "Scope\Scope.vcxproj", "{53AC1E70-E456-4669-8EDA-40FE6A7B5A18}"
EndProject
Project("{8BC9CEB8-8B4A-11D0-8D11-00A0C91BC942}") = "Namespace", "Namespace\Namespace.vcxproj", "{64876FDF-97BB-43BD-8C93-A5F436D1BD8F}"
EndProject
Project("{8BC9CEB8-8B4A-11D0-8D11-00A0C91BC942}") = "CodeSplitingHeaderandCPPFiles", "CodeSplitingHeaderandCPPFiles\CodeSplitingHeaderandCPPFiles.vcxproj", "{1E6D50A0-571B-458D-AF15-8D9D7CE3BF71}"
EndProject
Project("{8BC9CEB8-8B4A-11D0-8D11-00A0C91BC942}") = "ForwardDeclaration", "ForwardDeclaration\ForwardDeclaration.vcxproj", "{85EFE4CD-4701-4DC2-A630-68B826F9ED6A}"
EndProject
Project("{8BC9CEB8-8B4A-11D0-8D11-00A0C91BC942}") = "StructuresandClasses", "StructuresandClasses\StructuresandClasses.vcxproj", "{27BFD5C7-BF97-4EDA-B2E6-7222B8960048}"
EndProject
Project("{8BC9CEB8-8B4A-11D0-8D11-00A0C91BC942}") = "Object-OrientedProgramming", "Object-OrientedProgramming\Object-OrientedProgramming.vcxproj", "{5E3096B9-9C0F-497C-B31D-B35D6D261CC7}"
EndProject
Project("{8BC9CEB8-8B4A-11D0-8D11-00A0C91BC942}") = "StaticPolymorphism", "StaticPolymorphism\StaticPolymorphism.vcxproj", "{8177331F-7C16-486C-BE46-B5DCBB7599BF}"
EndProject
Project("{8BC9CEB8-8B4A-11D0-8D11-00A0C91BC942}") = "FunctionOverloading", "FunctionOverloading\FunctionOverloading.vcxproj", "{64DA4501-EECB-475C-A821-473143C35E0F}"
EndProject
Project("{8BC9CEB8-8B4A-11D0-8D11-00A0C91BC942}") = "DynamicPolymorphism", "DynamicPolymorphism\DynamicPolymorphism.vcxproj", "{CF24F827-8256-4F93-80CD-DA14A10FBC75}"
EndProject
Project("{8BC9CEB8-8B4A-11D0-8D11-00A0C91BC942}") = "VirtualMethods", "VirtualMethods\VirtualMethods.vcxproj", "{77E83349-D747-430E-A6BB-306416664D72}"
EndProject
Project("{8BC9CEB8-8B4A-11D0-8D11-00A0C91BC942}") = "VirtualTable", "VirtualTable\VirtualTable.vcxproj", "{0FB31950-1AD0-4CCA-8CFB-1979B6938265}"
EndProject
Project("{8BC9CEB8-8B4A-11D0-8D11-00A0C91BC942}") = "Ruleof0,5,3", "Ruleof0,5,3\Ruleof0,5,3.vcxproj", "{7CF8B022-D981-432B-8473-F8CC6DCC8090}"
EndProject
Project("{8BC9CEB8-8B4A-11D0-8D11-00A0C91BC942}") = "MultipleInheritance", "MultipleInheritance\MultipleInheritance.vcxproj", "{467D8456-1093-44AC-BBDD-6E8E6C8F7ACF}"
EndProject
Project("{8BC9CEB8-8B4A-11D0-8D11-00A0C91BC942}") = "DiamondInheritance", "DiamondInheritance\DiamondInheritance.vcxproj", "{61FE7E25-F4A2-47EF-B5D0-4D1DE44B8895}"
EndProject
Project("{8BC9CEB8-8B4A-11D0-8D11-00A0C91BC942}") = "ExceptionHndring", "ExceptionHndring\ExceptionHndring.vcxproj", "{A34263DF-8C9F-4250-A1EF-084A9734F7A9}"
EndProject
Project("{8BC9CEB8-8B4A-11D0-8D11-00A0C91BC942}") = "ExitCodes", "ExitCodes\ExitCodes.vcxproj", "{4204A5AF-A050-4892-9094-E8F7B19F6FA4}"
EndProject
Project("{8BC9CEB8-8B4A-11D0-8D11-00A0C91BC942}") = "Exception Handling", "Exception Handling\Exception Handling.vcxproj", "{1B502F0C-4A6C-41AB-9439-2E1C9DABFBA9}"
EndProject
Project("{8BC9CEB8-8B4A-11D0-8D11-00A0C91BC942}") = "AccessViolations", "AccessViolations\AccessViolations.vcxproj", "{813E369F-7E5E-4BEC-A7B4-7AA0B072C514}"
EndProject
Project("{8BC9CEB8-8B4A-11D0-8D11-00A0C91BC942}") = "LanguageConcepts", "LanguageConcepts\LanguageConcepts.vcxproj", "{393637CB-1214-494A-B641-0331A621208E}"
EndProject
Project("{8BC9CEB8-8B4A-11D0-8D11-00A0C91BC942}") = "AutoTypeDeducation", "AutoTypeDeducation\AutoTypeDeducation.vcxproj", "{76984062-0EFE-4C4E-8938-5DB3A63B768B}"
EndProject
Project("{8BC9CEB8-8B4A-11D0-8D11-00A0C91BC942}") = "TypeCasting", "TypeCasting\TypeCasting.vcxproj", "{C29417B0-C7D6-425A-A852-CDB29053F0AC}"
EndProject
Project("{8BC9CEB8-8B4A-11D0-8D11-00A0C91BC942}") = "StaticCast", "StaticCast\StaticCast.vcxproj", "{41C2F230-44FE-48CE-A063-A8C6AF5B6DE7}"
EndProject
Project("{8BC9CEB8-8B4A-11D0-8D11-00A0C91BC942}") = "ConstCast", "ConstCast\ConstCast.vcxproj", "{FA0D6C60-0591-4D93-94D0-D3B0C28620DC}"
EndProject
Project("{8BC9CEB8-8B4A-11D0-8D11-00A0C91BC942}") = "DynamicCast", "DynamicCast\DynamicCast.vcxproj", "{3B0FD846-B7E0-43B3-B8CB-B18F8C17001F}"
EndProject
Project("{8BC9CEB8-8B4A-11D0-8D11-00A0C91BC942}") = "reinterpretCast", "reinterpretCast\reinterpretCast.vcxproj", "{52E8824A-2109-4DC5-9057-51A89D9828A3}"
EndProject
Project("{8BC9CEB8-8B4A-11D0-8D11-00A0C91BC942}") = "UndefinedBehavvior", "UndefinedBehavvior\UndefinedBehavvior.vcxproj", "{0CD6C85A-BF20-44CB-A704-3ED9326AE06B}"
EndProject
Project("{8BC9CEB8-8B4A-11D0-8D11-00A0C91BC942}") = "ArgumentDependentLookup", "ArgumentDependentLookup\ArgumentDependentLookup.vcxproj", "{C04D9BD0-5606-476A-B7C4-CB7797524726}"
EndProject
Project("{8BC9CEB8-8B4A-11D0-8D11-00A0C91BC942}") = "Macros", "Macros\Macros.vcxproj", "{34C830DE-2ABB-4274-99E0-74112CEC7946}"
EndProject
Project("{8BC9CEB8-8B4A-11D0-8D11-00A0C91BC942}") = "NameMangling", "NameMangling\NameMangling.vcxproj", "{36F4894E-AEDD-4AEC-8471-BD4163786CAE}"
EndProject
Project("{8BC9CEB8-8B4A-11D0-8D11-00A0C91BC942}") = "StandaedLibroey", "StandaedLibroey\StandaedLibroey.vcxproj", "{4ED2CE81-6A58-46AD-96CD-128CD51A13FA}"
EndProject
Project("{8BC9CEB8-8B4A-11D0-8D11-00A0C91BC942}") = "iostream", "iostream\iostream.vcxproj", "{1C138705-FA4C-4CF1-9AFF-3008D3A22611}"
EndProject
Project("{8BC9CEB8-8B4A-11D0-8D11-00A0C91BC942}") = "iterators", "iterators\iterators.vcxproj", "{9BCCAE4A-EB78-46E8-A65D-DEEACE00BB58}"
EndProject
Project("{8BC9CEB8-8B4A-11D0-8D11-00A0C91BC942}") = "DataTime", "DataTime\DataTime.vcxproj", "{A172E4A6-1A1E-44D7-9952-981F49E7EBCF}"
EndProject
Project("{8BC9CEB8-8B4A-11D0-8D11-00A0C91BC942}") = "STLAlgorithms", "STLAlgorithms\STLAlgorithms.vcxproj", "{6BF7E256-A93C-4AC1-A15E-623018809A8B}"
EndProject
Global
	GlobalSection(SolutionConfigurationPlatforms) = preSolution
		Debug|x64 = Debug|x64
		Debug|x86 = Debug|x86
		Release|x64 = Release|x64
		Release|x86 = Release|x86
	EndGlobalSection
	GlobalSection(ProjectConfigurationPlatforms) = postSolution
		{257BCE10-A41E-472A-9C9E-944FE5B48DDA}.Debug|x64.ActiveCfg = Debug|x64
		{257BCE10-A41E-472A-9C9E-944FE5B48DDA}.Debug|x64.Build.0 = Debug|x64
		{257BCE10-A41E-472A-9C9E-944FE5B48DDA}.Debug|x86.ActiveCfg = Debug|Win32
		{257BCE10-A41E-472A-9C9E-944FE5B48DDA}.Debug|x86.Build.0 = Debug|Win32
		{257BCE10-A41E-472A-9C9E-944FE5B48DDA}.Release|x64.ActiveCfg = Release|x64
		{257BCE10-A41E-472A-9C9E-944FE5B48DDA}.Release|x64.Build.0 = Release|x64
		{257BCE10-A41E-472A-9C9E-944FE5B48DDA}.Release|x86.ActiveCfg = Release|Win32
		{257BCE10-A41E-472A-9C9E-944FE5B48DDA}.Release|x86.Build.0 = Release|Win32
		{81B7B7EC-B6E6-4575-AD2C-7DA324E8933E}.Debug|x64.ActiveCfg = Debug|x64
		{81B7B7EC-B6E6-4575-AD2C-7DA324E8933E}.Debug|x64.Build.0 = Debug|x64
		{81B7B7EC-B6E6-4575-AD2C-7DA324E8933E}.Debug|x86.ActiveCfg = Debug|Win32
		{81B7B7EC-B6E6-4575-AD2C-7DA324E8933E}.Debug|x86.Build.0 = Debug|Win32
		{81B7B7EC-B6E6-4575-AD2C-7DA324E8933E}.Release|x64.ActiveCfg = Release|x64
		{81B7B7EC-B6E6-4575-AD2C-7DA324E8933E}.Release|x64.Build.0 = Release|x64
		{81B7B7EC-B6E6-4575-AD2C-7DA324E8933E}.Release|x86.ActiveCfg = Release|Win32
		{81B7B7EC-B6E6-4575-AD2C-7DA324E8933E}.Release|x86.Build.0 = Release|Win32
		{8DBA7564-04BB-407D-B10A-8A2FBDA9C841}.Debug|x64.ActiveCfg = Debug|x64
		{8DBA7564-04BB-407D-B10A-8A2FBDA9C841}.Debug|x64.Build.0 = Debug|x64
		{8DBA7564-04BB-407D-B10A-8A2FBDA9C841}.Debug|x86.ActiveCfg = Debug|Win32
		{8DBA7564-04BB-407D-B10A-8A2FBDA9C841}.Debug|x86.Build.0 = Debug|Win32
		{8DBA7564-04BB-407D-B10A-8A2FBDA9C841}.Release|x64.ActiveCfg = Release|x64
		{8DBA7564-04BB-407D-B10A-8A2FBDA9C841}.Release|x64.Build.0 = Release|x64
		{8DBA7564-04BB-407D-B10A-8A2FBDA9C841}.Release|x86.ActiveCfg = Release|Win32
		{8DBA7564-04BB-407D-B10A-8A2FBDA9C841}.Release|x86.Build.0 = Release|Win32
		{F15D4C72-0203-4074-B6CB-8DA132B72AE2}.Debug|x64.ActiveCfg = Debug|x64
		{F15D4C72-0203-4074-B6CB-8DA132B72AE2}.Debug|x64.Build.0 = Debug|x64
		{F15D4C72-0203-4074-B6CB-8DA132B72AE2}.Debug|x86.ActiveCfg = Debug|Win32
		{F15D4C72-0203-4074-B6CB-8DA132B72AE2}.Debug|x86.Build.0 = Debug|Win32
		{F15D4C72-0203-4074-B6CB-8DA132B72AE2}.Release|x64.ActiveCfg = Release|x64
		{F15D4C72-0203-4074-B6CB-8DA132B72AE2}.Release|x64.Build.0 = Release|x64
		{F15D4C72-0203-4074-B6CB-8DA132B72AE2}.Release|x86.ActiveCfg = Release|Win32
		{F15D4C72-0203-4074-B6CB-8DA132B72AE2}.Release|x86.Build.0 = Release|Win32
		{40E605C2-633F-4CC5-9389-9E82A9A4C174}.Debug|x64.ActiveCfg = Debug|x64
		{40E605C2-633F-4CC5-9389-9E82A9A4C174}.Debug|x64.Build.0 = Debug|x64
		{40E605C2-633F-4CC5-9389-9E82A9A4C174}.Debug|x86.ActiveCfg = Debug|Win32
		{40E605C2-633F-4CC5-9389-9E82A9A4C174}.Debug|x86.Build.0 = Debug|Win32
		{40E605C2-633F-4CC5-9389-9E82A9A4C174}.Release|x64.ActiveCfg = Release|x64
		{40E605C2-633F-4CC5-9389-9E82A9A4C174}.Release|x64.Build.0 = Release|x64
		{40E605C2-633F-4CC5-9389-9E82A9A4C174}.Release|x86.ActiveCfg = Release|Win32
		{40E605C2-633F-4CC5-9389-9E82A9A4C174}.Release|x86.Build.0 = Release|Win32
		{DBFF1330-8DE3-4225-AFE6-53A4AC62EE37}.Debug|x64.ActiveCfg = Debug|x64
		{DBFF1330-8DE3-4225-AFE6-53A4AC62EE37}.Debug|x64.Build.0 = Debug|x64
		{DBFF1330-8DE3-4225-AFE6-53A4AC62EE37}.Debug|x86.ActiveCfg = Debug|Win32
		{DBFF1330-8DE3-4225-AFE6-53A4AC62EE37}.Debug|x86.Build.0 = Debug|Win32
		{DBFF1330-8DE3-4225-AFE6-53A4AC62EE37}.Release|x64.ActiveCfg = Release|x64
		{DBFF1330-8DE3-4225-AFE6-53A4AC62EE37}.Release|x64.Build.0 = Release|x64
		{DBFF1330-8DE3-4225-AFE6-53A4AC62EE37}.Release|x86.ActiveCfg = Release|Win32
		{DBFF1330-8DE3-4225-AFE6-53A4AC62EE37}.Release|x86.Build.0 = Release|Win32
		{FA5DC3B7-B84D-4847-A452-F8E32DEECA53}.Debug|x64.ActiveCfg = Debug|x64
		{FA5DC3B7-B84D-4847-A452-F8E32DEECA53}.Debug|x64.Build.0 = Debug|x64
		{FA5DC3B7-B84D-4847-A452-F8E32DEECA53}.Debug|x86.ActiveCfg = Debug|Win32
		{FA5DC3B7-B84D-4847-A452-F8E32DEECA53}.Debug|x86.Build.0 = Debug|Win32
		{FA5DC3B7-B84D-4847-A452-F8E32DEECA53}.Release|x64.ActiveCfg = Release|x64
		{FA5DC3B7-B84D-4847-A452-F8E32DEECA53}.Release|x64.Build.0 = Release|x64
		{FA5DC3B7-B84D-4847-A452-F8E32DEECA53}.Release|x86.ActiveCfg = Release|Win32
		{FA5DC3B7-B84D-4847-A452-F8E32DEECA53}.Release|x86.Build.0 = Release|Win32
		{6C32C802-74DD-4E71-BC79-E4963BBD4DE6}.Debug|x64.ActiveCfg = Debug|x64
		{6C32C802-74DD-4E71-BC79-E4963BBD4DE6}.Debug|x64.Build.0 = Debug|x64
		{6C32C802-74DD-4E71-BC79-E4963BBD4DE6}.Debug|x86.ActiveCfg = Debug|Win32
		{6C32C802-74DD-4E71-BC79-E4963BBD4DE6}.Debug|x86.Build.0 = Debug|Win32
		{6C32C802-74DD-4E71-BC79-E4963BBD4DE6}.Release|x64.ActiveCfg = Release|x64
		{6C32C802-74DD-4E71-BC79-E4963BBD4DE6}.Release|x64.Build.0 = Release|x64
		{6C32C802-74DD-4E71-BC79-E4963BBD4DE6}.Release|x86.ActiveCfg = Release|Win32
		{6C32C802-74DD-4E71-BC79-E4963BBD4DE6}.Release|x86.Build.0 = Release|Win32
		{1A9AD934-0BC3-4C3D-88E0-ACF0C3E8369F}.Debug|x64.ActiveCfg = Debug|x64
		{1A9AD934-0BC3-4C3D-88E0-ACF0C3E8369F}.Debug|x64.Build.0 = Debug|x64
		{1A9AD934-0BC3-4C3D-88E0-ACF0C3E8369F}.Debug|x86.ActiveCfg = Debug|Win32
		{1A9AD934-0BC3-4C3D-88E0-ACF0C3E8369F}.Debug|x86.Build.0 = Debug|Win32
		{1A9AD934-0BC3-4C3D-88E0-ACF0C3E8369F}.Release|x64.ActiveCfg = Release|x64
		{1A9AD934-0BC3-4C3D-88E0-ACF0C3E8369F}.Release|x64.Build.0 = Release|x64
		{1A9AD934-0BC3-4C3D-88E0-ACF0C3E8369F}.Release|x86.ActiveCfg = Release|Win32
		{1A9AD934-0BC3-4C3D-88E0-ACF0C3E8369F}.Release|x86.Build.0 = Release|Win32
		{1B333E41-DAC7-4DE6-BE9B-FB5E9805273A}.Debug|x64.ActiveCfg = Debug|x64
		{1B333E41-DAC7-4DE6-BE9B-FB5E9805273A}.Debug|x64.Build.0 = Debug|x64
		{1B333E41-DAC7-4DE6-BE9B-FB5E9805273A}.Debug|x86.ActiveCfg = Debug|Win32
		{1B333E41-DAC7-4DE6-BE9B-FB5E9805273A}.Debug|x86.Build.0 = Debug|Win32
		{1B333E41-DAC7-4DE6-BE9B-FB5E9805273A}.Release|x64.ActiveCfg = Release|x64
		{1B333E41-DAC7-4DE6-BE9B-FB5E9805273A}.Release|x64.Build.0 = Release|x64
		{1B333E41-DAC7-4DE6-BE9B-FB5E9805273A}.Release|x86.ActiveCfg = Release|Win32
		{1B333E41-DAC7-4DE6-BE9B-FB5E9805273A}.Release|x86.Build.0 = Release|Win32
		{2632F12B-7822-4D01-A743-F929E9BB81E0}.Debug|x64.ActiveCfg = Debug|x64
		{2632F12B-7822-4D01-A743-F929E9BB81E0}.Debug|x64.Build.0 = Debug|x64
		{2632F12B-7822-4D01-A743-F929E9BB81E0}.Debug|x86.ActiveCfg = Debug|Win32
		{2632F12B-7822-4D01-A743-F929E9BB81E0}.Debug|x86.Build.0 = Debug|Win32
		{2632F12B-7822-4D01-A743-F929E9BB81E0}.Release|x64.ActiveCfg = Release|x64
		{2632F12B-7822-4D01-A743-F929E9BB81E0}.Release|x64.Build.0 = Release|x64
		{2632F12B-7822-4D01-A743-F929E9BB81E0}.Release|x86.ActiveCfg = Release|Win32
		{2632F12B-7822-4D01-A743-F929E9BB81E0}.Release|x86.Build.0 = Release|Win32
		{E6BCD0BB-7112-4590-9EE1-6508206EFF84}.Debug|x64.ActiveCfg = Debug|x64
		{E6BCD0BB-7112-4590-9EE1-6508206EFF84}.Debug|x64.Build.0 = Debug|x64
		{E6BCD0BB-7112-4590-9EE1-6508206EFF84}.Debug|x86.ActiveCfg = Debug|Win32
		{E6BCD0BB-7112-4590-9EE1-6508206EFF84}.Debug|x86.Build.0 = Debug|Win32
		{E6BCD0BB-7112-4590-9EE1-6508206EFF84}.Release|x64.ActiveCfg = Release|x64
		{E6BCD0BB-7112-4590-9EE1-6508206EFF84}.Release|x64.Build.0 = Release|x64
		{E6BCD0BB-7112-4590-9EE1-6508206EFF84}.Release|x86.ActiveCfg = Release|Win32
		{E6BCD0BB-7112-4590-9EE1-6508206EFF84}.Release|x86.Build.0 = Release|Win32
		{8E3F0C5A-95BF-4F5B-818C-944EB3EF7BC3}.Debug|x64.ActiveCfg = Debug|x64
		{8E3F0C5A-95BF-4F5B-818C-944EB3EF7BC3}.Debug|x64.Build.0 = Debug|x64
		{8E3F0C5A-95BF-4F5B-818C-944EB3EF7BC3}.Debug|x86.ActiveCfg = Debug|Win32
		{8E3F0C5A-95BF-4F5B-818C-944EB3EF7BC3}.Debug|x86.Build.0 = Debug|Win32
		{8E3F0C5A-95BF-4F5B-818C-944EB3EF7BC3}.Release|x64.ActiveCfg = Release|x64
		{8E3F0C5A-95BF-4F5B-818C-944EB3EF7BC3}.Release|x64.Build.0 = Release|x64
		{8E3F0C5A-95BF-4F5B-818C-944EB3EF7BC3}.Release|x86.ActiveCfg = Release|Win32
		{8E3F0C5A-95BF-4F5B-818C-944EB3EF7BC3}.Release|x86.Build.0 = Release|Win32
		{85384E7C-F1FA-425E-A1C2-C227641CD3F3}.Debug|x64.ActiveCfg = Debug|x64
		{85384E7C-F1FA-425E-A1C2-C227641CD3F3}.Debug|x64.Build.0 = Debug|x64
		{85384E7C-F1FA-425E-A1C2-C227641CD3F3}.Debug|x86.ActiveCfg = Debug|Win32
		{85384E7C-F1FA-425E-A1C2-C227641CD3F3}.Debug|x86.Build.0 = Debug|Win32
		{85384E7C-F1FA-425E-A1C2-C227641CD3F3}.Release|x64.ActiveCfg = Release|x64
		{85384E7C-F1FA-425E-A1C2-C227641CD3F3}.Release|x64.Build.0 = Release|x64
		{85384E7C-F1FA-425E-A1C2-C227641CD3F3}.Release|x86.ActiveCfg = Release|Win32
		{85384E7C-F1FA-425E-A1C2-C227641CD3F3}.Release|x86.Build.0 = Release|Win32
		{DBEBEC6C-84A5-44FE-8F04-199710D706D6}.Debug|x64.ActiveCfg = Debug|x64
		{DBEBEC6C-84A5-44FE-8F04-199710D706D6}.Debug|x64.Build.0 = Debug|x64
		{DBEBEC6C-84A5-44FE-8F04-199710D706D6}.Debug|x86.ActiveCfg = Debug|Win32
		{DBEBEC6C-84A5-44FE-8F04-199710D706D6}.Debug|x86.Build.0 = Debug|Win32
		{DBEBEC6C-84A5-44FE-8F04-199710D706D6}.Release|x64.ActiveCfg = Release|x64
		{DBEBEC6C-84A5-44FE-8F04-199710D706D6}.Release|x64.Build.0 = Release|x64
		{DBEBEC6C-84A5-44FE-8F04-199710D706D6}.Release|x86.ActiveCfg = Release|Win32
		{DBEBEC6C-84A5-44FE-8F04-199710D706D6}.Release|x86.Build.0 = Release|Win32
		{426B49FB-6646-45B7-B9E4-808F17E202FE}.Debug|x64.ActiveCfg = Debug|x64
		{426B49FB-6646-45B7-B9E4-808F17E202FE}.Debug|x64.Build.0 = Debug|x64
		{426B49FB-6646-45B7-B9E4-808F17E202FE}.Debug|x86.ActiveCfg = Debug|Win32
		{426B49FB-6646-45B7-B9E4-808F17E202FE}.Debug|x86.Build.0 = Debug|Win32
		{426B49FB-6646-45B7-B9E4-808F17E202FE}.Release|x64.ActiveCfg = Release|x64
		{426B49FB-6646-45B7-B9E4-808F17E202FE}.Release|x64.Build.0 = Release|x64
		{426B49FB-6646-45B7-B9E4-808F17E202FE}.Release|x86.ActiveCfg = Release|Win32
		{426B49FB-6646-45B7-B9E4-808F17E202FE}.Release|x86.Build.0 = Release|Win32
		{E8DA5DD2-44A8-462C-81D6-0D97879E7752}.Debug|x64.ActiveCfg = Debug|x64
		{E8DA5DD2-44A8-462C-81D6-0D97879E7752}.Debug|x64.Build.0 = Debug|x64
		{E8DA5DD2-44A8-462C-81D6-0D97879E7752}.Debug|x86.ActiveCfg = Debug|Win32
		{E8DA5DD2-44A8-462C-81D6-0D97879E7752}.Debug|x86.Build.0 = Debug|Win32
		{E8DA5DD2-44A8-462C-81D6-0D97879E7752}.Release|x64.ActiveCfg = Release|x64
		{E8DA5DD2-44A8-462C-81D6-0D97879E7752}.Release|x64.Build.0 = Release|x64
		{E8DA5DD2-44A8-462C-81D6-0D97879E7752}.Release|x86.ActiveCfg = Release|Win32
		{E8DA5DD2-44A8-462C-81D6-0D97879E7752}.Release|x86.Build.0 = Release|Win32
		{D25F530E-420C-4587-8A6D-FC63E2ED35D7}.Debug|x64.ActiveCfg = Debug|x64
		{D25F530E-420C-4587-8A6D-FC63E2ED35D7}.Debug|x64.Build.0 = Debug|x64
		{D25F530E-420C-4587-8A6D-FC63E2ED35D7}.Debug|x86.ActiveCfg = Debug|Win32
		{D25F530E-420C-4587-8A6D-FC63E2ED35D7}.Debug|x86.Build.0 = Debug|Win32
		{D25F530E-420C-4587-8A6D-FC63E2ED35D7}.Release|x64.ActiveCfg = Release|x64
		{D25F530E-420C-4587-8A6D-FC63E2ED35D7}.Release|x64.Build.0 = Release|x64
		{D25F530E-420C-4587-8A6D-FC63E2ED35D7}.Release|x86.ActiveCfg = Release|Win32
		{D25F530E-420C-4587-8A6D-FC63E2ED35D7}.Release|x86.Build.0 = Release|Win32
		{00F010A9-62F1-4065-B173-F33A8874D6A2}.Debug|x64.ActiveCfg = Debug|x64
		{00F010A9-62F1-4065-B173-F33A8874D6A2}.Debug|x64.Build.0 = Debug|x64
		{00F010A9-62F1-4065-B173-F33A8874D6A2}.Debug|x86.ActiveCfg = Debug|Win32
		{00F010A9-62F1-4065-B173-F33A8874D6A2}.Debug|x86.Build.0 = Debug|Win32
		{00F010A9-62F1-4065-B173-F33A8874D6A2}.Release|x64.ActiveCfg = Release|x64
		{00F010A9-62F1-4065-B173-F33A8874D6A2}.Release|x64.Build.0 = Release|x64
		{00F010A9-62F1-4065-B173-F33A8874D6A2}.Release|x86.ActiveCfg = Release|Win32
		{00F010A9-62F1-4065-B173-F33A8874D6A2}.Release|x86.Build.0 = Release|Win32
		{BFEF9EE0-B84E-43D2-BAD6-8FBF4209ED77}.Debug|x64.ActiveCfg = Debug|x64
		{BFEF9EE0-B84E-43D2-BAD6-8FBF4209ED77}.Debug|x64.Build.0 = Debug|x64
		{BFEF9EE0-B84E-43D2-BAD6-8FBF4209ED77}.Debug|x86.ActiveCfg = Debug|Win32
		{BFEF9EE0-B84E-43D2-BAD6-8FBF4209ED77}.Debug|x86.Build.0 = Debug|Win32
		{BFEF9EE0-B84E-43D2-BAD6-8FBF4209ED77}.Release|x64.ActiveCfg = Release|x64
		{BFEF9EE0-B84E-43D2-BAD6-8FBF4209ED77}.Release|x64.Build.0 = Release|x64
		{BFEF9EE0-B84E-43D2-BAD6-8FBF4209ED77}.Release|x86.ActiveCfg = Release|Win32
		{BFEF9EE0-B84E-43D2-BAD6-8FBF4209ED77}.Release|x86.Build.0 = Release|Win32
		{A9F91C76-A2A1-4261-9412-0CC4EC0DC9D8}.Debug|x64.ActiveCfg = Debug|x64
		{A9F91C76-A2A1-4261-9412-0CC4EC0DC9D8}.Debug|x64.Build.0 = Debug|x64
		{A9F91C76-A2A1-4261-9412-0CC4EC0DC9D8}.Debug|x86.ActiveCfg = Debug|Win32
		{A9F91C76-A2A1-4261-9412-0CC4EC0DC9D8}.Debug|x86.Build.0 = Debug|Win32
		{A9F91C76-A2A1-4261-9412-0CC4EC0DC9D8}.Release|x64.ActiveCfg = Release|x64
		{A9F91C76-A2A1-4261-9412-0CC4EC0DC9D8}.Release|x64.Build.0 = Release|x64
		{A9F91C76-A2A1-4261-9412-0CC4EC0DC9D8}.Release|x86.ActiveCfg = Release|Win32
		{A9F91C76-A2A1-4261-9412-0CC4EC0DC9D8}.Release|x86.Build.0 = Release|Win32
		{0BB45F1A-F900-40CE-AC30-70FCC1E547DC}.Debug|x64.ActiveCfg = Debug|x64
		{0BB45F1A-F900-40CE-AC30-70FCC1E547DC}.Debug|x64.Build.0 = Debug|x64
		{0BB45F1A-F900-40CE-AC30-70FCC1E547DC}.Debug|x86.ActiveCfg = Debug|Win32
		{0BB45F1A-F900-40CE-AC30-70FCC1E547DC}.Debug|x86.Build.0 = Debug|Win32
		{0BB45F1A-F900-40CE-AC30-70FCC1E547DC}.Release|x64.ActiveCfg = Release|x64
		{0BB45F1A-F900-40CE-AC30-70FCC1E547DC}.Release|x64.Build.0 = Release|x64
		{0BB45F1A-F900-40CE-AC30-70FCC1E547DC}.Release|x86.ActiveCfg = Release|Win32
		{0BB45F1A-F900-40CE-AC30-70FCC1E547DC}.Release|x86.Build.0 = Release|Win32
		{53AC1E70-E456-4669-8EDA-40FE6A7B5A18}.Debug|x64.ActiveCfg = Debug|x64
		{53AC1E70-E456-4669-8EDA-40FE6A7B5A18}.Debug|x64.Build.0 = Debug|x64
		{53AC1E70-E456-4669-8EDA-40FE6A7B5A18}.Debug|x86.ActiveCfg = Debug|Win32
		{53AC1E70-E456-4669-8EDA-40FE6A7B5A18}.Debug|x86.Build.0 = Debug|Win32
		{53AC1E70-E456-4669-8EDA-40FE6A7B5A18}.Release|x64.ActiveCfg = Release|x64
		{53AC1E70-E456-4669-8EDA-40FE6A7B5A18}.Release|x64.Build.0 = Release|x64
		{53AC1E70-E456-4669-8EDA-40FE6A7B5A18}.Release|x86.ActiveCfg = Release|Win32
		{53AC1E70-E456-4669-8EDA-40FE6A7B5A18}.Release|x86.Build.0 = Release|Win32
		{64876FDF-97BB-43BD-8C93-A5F436D1BD8F}.Debug|x64.ActiveCfg = Debug|x64
		{64876FDF-97BB-43BD-8C93-A5F436D1BD8F}.Debug|x64.Build.0 = Debug|x64
		{64876FDF-97BB-43BD-8C93-A5F436D1BD8F}.Debug|x86.ActiveCfg = Debug|Win32
		{64876FDF-97BB-43BD-8C93-A5F436D1BD8F}.Debug|x86.Build.0 = Debug|Win32
		{64876FDF-97BB-43BD-8C93-A5F436D1BD8F}.Release|x64.ActiveCfg = Release|x64
		{64876FDF-97BB-43BD-8C93-A5F436D1BD8F}.Release|x64.Build.0 = Release|x64
		{64876FDF-97BB-43BD-8C93-A5F436D1BD8F}.Release|x86.ActiveCfg = Release|Win32
		{64876FDF-97BB-43BD-8C93-A5F436D1BD8F}.Release|x86.Build.0 = Release|Win32
		{1E6D50A0-571B-458D-AF15-8D9D7CE3BF71}.Debug|x64.ActiveCfg = Debug|x64
		{1E6D50A0-571B-458D-AF15-8D9D7CE3BF71}.Debug|x64.Build.0 = Debug|x64
		{1E6D50A0-571B-458D-AF15-8D9D7CE3BF71}.Debug|x86.ActiveCfg = Debug|Win32
		{1E6D50A0-571B-458D-AF15-8D9D7CE3BF71}.Debug|x86.Build.0 = Debug|Win32
		{1E6D50A0-571B-458D-AF15-8D9D7CE3BF71}.Release|x64.ActiveCfg = Release|x64
		{1E6D50A0-571B-458D-AF15-8D9D7CE3BF71}.Release|x64.Build.0 = Release|x64
		{1E6D50A0-571B-458D-AF15-8D9D7CE3BF71}.Release|x86.ActiveCfg = Release|Win32
		{1E6D50A0-571B-458D-AF15-8D9D7CE3BF71}.Release|x86.Build.0 = Release|Win32
		{85EFE4CD-4701-4DC2-A630-68B826F9ED6A}.Debug|x64.ActiveCfg = Debug|x64
		{85EFE4CD-4701-4DC2-A630-68B826F9ED6A}.Debug|x64.Build.0 = Debug|x64
		{85EFE4CD-4701-4DC2-A630-68B826F9ED6A}.Debug|x86.ActiveCfg = Debug|Win32
		{85EFE4CD-4701-4DC2-A630-68B826F9ED6A}.Debug|x86.Build.0 = Debug|Win32
		{85EFE4CD-4701-4DC2-A630-68B826F9ED6A}.Release|x64.ActiveCfg = Release|x64
		{85EFE4CD-4701-4DC2-A630-68B826F9ED6A}.Release|x64.Build.0 = Release|x64
		{85EFE4CD-4701-4DC2-A630-68B826F9ED6A}.Release|x86.ActiveCfg = Release|Win32
		{85EFE4CD-4701-4DC2-A630-68B826F9ED6A}.Release|x86.Build.0 = Release|Win32
		{27BFD5C7-BF97-4EDA-B2E6-7222B8960048}.Debug|x64.ActiveCfg = Debug|x64
		{27BFD5C7-BF97-4EDA-B2E6-7222B8960048}.Debug|x64.Build.0 = Debug|x64
		{27BFD5C7-BF97-4EDA-B2E6-7222B8960048}.Debug|x86.ActiveCfg = Debug|Win32
		{27BFD5C7-BF97-4EDA-B2E6-7222B8960048}.Debug|x86.Build.0 = Debug|Win32
		{27BFD5C7-BF97-4EDA-B2E6-7222B8960048}.Release|x64.ActiveCfg = Release|x64
		{27BFD5C7-BF97-4EDA-B2E6-7222B8960048}.Release|x64.Build.0 = Release|x64
		{27BFD5C7-BF97-4EDA-B2E6-7222B8960048}.Release|x86.ActiveCfg = Release|Win32
		{27BFD5C7-BF97-4EDA-B2E6-7222B8960048}.Release|x86.Build.0 = Release|Win32
		{5E3096B9-9C0F-497C-B31D-B35D6D261CC7}.Debug|x64.ActiveCfg = Debug|x64
		{5E3096B9-9C0F-497C-B31D-B35D6D261CC7}.Debug|x64.Build.0 = Debug|x64
		{5E3096B9-9C0F-497C-B31D-B35D6D261CC7}.Debug|x86.ActiveCfg = Debug|Win32
		{5E3096B9-9C0F-497C-B31D-B35D6D261CC7}.Debug|x86.Build.0 = Debug|Win32
		{5E3096B9-9C0F-497C-B31D-B35D6D261CC7}.Release|x64.ActiveCfg = Release|x64
		{5E3096B9-9C0F-497C-B31D-B35D6D261CC7}.Release|x64.Build.0 = Release|x64
		{5E3096B9-9C0F-497C-B31D-B35D6D261CC7}.Release|x86.ActiveCfg = Release|Win32
		{5E3096B9-9C0F-497C-B31D-B35D6D261CC7}.Release|x86.Build.0 = Release|Win32
		{8177331F-7C16-486C-BE46-B5DCBB7599BF}.Debug|x64.ActiveCfg = Debug|x64
		{8177331F-7C16-486C-BE46-B5DCBB7599BF}.Debug|x64.Build.0 = Debug|x64
		{8177331F-7C16-486C-BE46-B5DCBB7599BF}.Debug|x86.ActiveCfg = Debug|Win32
		{8177331F-7C16-486C-BE46-B5DCBB7599BF}.Debug|x86.Build.0 = Debug|Win32
		{8177331F-7C16-486C-BE46-B5DCBB7599BF}.Release|x64.ActiveCfg = Release|x64
		{8177331F-7C16-486C-BE46-B5DCBB7599BF}.Release|x64.Build.0 = Release|x64
		{8177331F-7C16-486C-BE46-B5DCBB7599BF}.Release|x86.ActiveCfg = Release|Win32
		{8177331F-7C16-486C-BE46-B5DCBB7599BF}.Release|x86.Build.0 = Release|Win32
		{64DA4501-EECB-475C-A821-473143C35E0F}.Debug|x64.ActiveCfg = Debug|x64
		{64DA4501-EECB-475C-A821-473143C35E0F}.Debug|x64.Build.0 = Debug|x64
		{64DA4501-EECB-475C-A821-473143C35E0F}.Debug|x86.ActiveCfg = Debug|Win32
		{64DA4501-EECB-475C-A821-473143C35E0F}.Debug|x86.Build.0 = Debug|Win32
		{64DA4501-EECB-475C-A821-473143C35E0F}.Release|x64.ActiveCfg = Release|x64
		{64DA4501-EECB-475C-A821-473143C35E0F}.Release|x64.Build.0 = Release|x64
		{64DA4501-EECB-475C-A821-473143C35E0F}.Release|x86.ActiveCfg = Release|Win32
		{64DA4501-EECB-475C-A821-473143C35E0F}.Release|x86.Build.0 = Release|Win32
		{CF24F827-8256-4F93-80CD-DA14A10FBC75}.Debug|x64.ActiveCfg = Debug|x64
		{CF24F827-8256-4F93-80CD-DA14A10FBC75}.Debug|x64.Build.0 = Debug|x64
		{CF24F827-8256-4F93-80CD-DA14A10FBC75}.Debug|x86.ActiveCfg = Debug|Win32
		{CF24F827-8256-4F93-80CD-DA14A10FBC75}.Debug|x86.Build.0 = Debug|Win32
		{CF24F827-8256-4F93-80CD-DA14A10FBC75}.Release|x64.ActiveCfg = Release|x64
		{CF24F827-8256-4F93-80CD-DA14A10FBC75}.Release|x64.Build.0 = Release|x64
		{CF24F827-8256-4F93-80CD-DA14A10FBC75}.Release|x86.ActiveCfg = Release|Win32
		{CF24F827-8256-4F93-80CD-DA14A10FBC75}.Release|x86.Build.0 = Release|Win32
		{77E83349-D747-430E-A6BB-306416664D72}.Debug|x64.ActiveCfg = Debug|x64
		{77E83349-D747-430E-A6BB-306416664D72}.Debug|x64.Build.0 = Debug|x64
		{77E83349-D747-430E-A6BB-306416664D72}.Debug|x86.ActiveCfg = Debug|Win32
		{77E83349-D747-430E-A6BB-306416664D72}.Debug|x86.Build.0 = Debug|Win32
		{77E83349-D747-430E-A6BB-306416664D72}.Release|x64.ActiveCfg = Release|x64
		{77E83349-D747-430E-A6BB-306416664D72}.Release|x64.Build.0 = Release|x64
		{77E83349-D747-430E-A6BB-306416664D72}.Release|x86.ActiveCfg = Release|Win32
		{77E83349-D747-430E-A6BB-306416664D72}.Release|x86.Build.0 = Release|Win32
		{0FB31950-1AD0-4CCA-8CFB-1979B6938265}.Debug|x64.ActiveCfg = Debug|x64
		{0FB31950-1AD0-4CCA-8CFB-1979B6938265}.Debug|x64.Build.0 = Debug|x64
		{0FB31950-1AD0-4CCA-8CFB-1979B6938265}.Debug|x86.ActiveCfg = Debug|Win32
		{0FB31950-1AD0-4CCA-8CFB-1979B6938265}.Debug|x86.Build.0 = Debug|Win32
		{0FB31950-1AD0-4CCA-8CFB-1979B6938265}.Release|x64.ActiveCfg = Release|x64
		{0FB31950-1AD0-4CCA-8CFB-1979B6938265}.Release|x64.Build.0 = Release|x64
		{0FB31950-1AD0-4CCA-8CFB-1979B6938265}.Release|x86.ActiveCfg = Release|Win32
		{0FB31950-1AD0-4CCA-8CFB-1979B6938265}.Release|x86.Build.0 = Release|Win32
		{7CF8B022-D981-432B-8473-F8CC6DCC8090}.Debug|x64.ActiveCfg = Debug|x64
		{7CF8B022-D981-432B-8473-F8CC6DCC8090}.Debug|x64.Build.0 = Debug|x64
		{7CF8B022-D981-432B-8473-F8CC6DCC8090}.Debug|x86.ActiveCfg = Debug|Win32
		{7CF8B022-D981-432B-8473-F8CC6DCC8090}.Debug|x86.Build.0 = Debug|Win32
		{7CF8B022-D981-432B-8473-F8CC6DCC8090}.Release|x64.ActiveCfg = Release|x64
		{7CF8B022-D981-432B-8473-F8CC6DCC8090}.Release|x64.Build.0 = Release|x64
		{7CF8B022-D981-432B-8473-F8CC6DCC8090}.Release|x86.ActiveCfg = Release|Win32
		{7CF8B022-D981-432B-8473-F8CC6DCC8090}.Release|x86.Build.0 = Release|Win32
		{467D8456-1093-44AC-BBDD-6E8E6C8F7ACF}.Debug|x64.ActiveCfg = Debug|x64
		{467D8456-1093-44AC-BBDD-6E8E6C8F7ACF}.Debug|x64.Build.0 = Debug|x64
		{467D8456-1093-44AC-BBDD-6E8E6C8F7ACF}.Debug|x86.ActiveCfg = Debug|Win32
		{467D8456-1093-44AC-BBDD-6E8E6C8F7ACF}.Debug|x86.Build.0 = Debug|Win32
		{467D8456-1093-44AC-BBDD-6E8E6C8F7ACF}.Release|x64.ActiveCfg = Release|x64
		{467D8456-1093-44AC-BBDD-6E8E6C8F7ACF}.Release|x64.Build.0 = Release|x64
		{467D8456-1093-44AC-BBDD-6E8E6C8F7ACF}.Release|x86.ActiveCfg = Release|Win32
		{467D8456-1093-44AC-BBDD-6E8E6C8F7ACF}.Release|x86.Build.0 = Release|Win32
		{61FE7E25-F4A2-47EF-B5D0-4D1DE44B8895}.Debug|x64.ActiveCfg = Debug|x64
		{61FE7E25-F4A2-47EF-B5D0-4D1DE44B8895}.Debug|x64.Build.0 = Debug|x64
		{61FE7E25-F4A2-47EF-B5D0-4D1DE44B8895}.Debug|x86.ActiveCfg = Debug|Win32
		{61FE7E25-F4A2-47EF-B5D0-4D1DE44B8895}.Debug|x86.Build.0 = Debug|Win32
		{61FE7E25-F4A2-47EF-B5D0-4D1DE44B8895}.Release|x64.ActiveCfg = Release|x64
		{61FE7E25-F4A2-47EF-B5D0-4D1DE44B8895}.Release|x64.Build.0 = Release|x64
		{61FE7E25-F4A2-47EF-B5D0-4D1DE44B8895}.Release|x86.ActiveCfg = Release|Win32
		{61FE7E25-F4A2-47EF-B5D0-4D1DE44B8895}.Release|x86.Build.0 = Release|Win32
		{A34263DF-8C9F-4250-A1EF-084A9734F7A9}.Debug|x64.ActiveCfg = Debug|x64
		{A34263DF-8C9F-4250-A1EF-084A9734F7A9}.Debug|x64.Build.0 = Debug|x64
		{A34263DF-8C9F-4250-A1EF-084A9734F7A9}.Debug|x86.ActiveCfg = Debug|Win32
		{A34263DF-8C9F-4250-A1EF-084A9734F7A9}.Debug|x86.Build.0 = Debug|Win32
		{A34263DF-8C9F-4250-A1EF-084A9734F7A9}.Release|x64.ActiveCfg = Release|x64
		{A34263DF-8C9F-4250-A1EF-084A9734F7A9}.Release|x64.Build.0 = Release|x64
		{A34263DF-8C9F-4250-A1EF-084A9734F7A9}.Release|x86.ActiveCfg = Release|Win32
		{A34263DF-8C9F-4250-A1EF-084A9734F7A9}.Release|x86.Build.0 = Release|Win32
		{4204A5AF-A050-4892-9094-E8F7B19F6FA4}.Debug|x64.ActiveCfg = Debug|x64
		{4204A5AF-A050-4892-9094-E8F7B19F6FA4}.Debug|x64.Build.0 = Debug|x64
		{4204A5AF-A050-4892-9094-E8F7B19F6FA4}.Debug|x86.ActiveCfg = Debug|Win32
		{4204A5AF-A050-4892-9094-E8F7B19F6FA4}.Debug|x86.Build.0 = Debug|Win32
		{4204A5AF-A050-4892-9094-E8F7B19F6FA4}.Release|x64.ActiveCfg = Release|x64
		{4204A5AF-A050-4892-9094-E8F7B19F6FA4}.Release|x64.Build.0 = Release|x64
		{4204A5AF-A050-4892-9094-E8F7B19F6FA4}.Release|x86.ActiveCfg = Release|Win32
		{4204A5AF-A050-4892-9094-E8F7B19F6FA4}.Release|x86.Build.0 = Release|Win32
		{1B502F0C-4A6C-41AB-9439-2E1C9DABFBA9}.Debug|x64.ActiveCfg = Debug|x64
		{1B502F0C-4A6C-41AB-9439-2E1C9DABFBA9}.Debug|x64.Build.0 = Debug|x64
		{1B502F0C-4A6C-41AB-9439-2E1C9DABFBA9}.Debug|x86.ActiveCfg = Debug|Win32
		{1B502F0C-4A6C-41AB-9439-2E1C9DABFBA9}.Debug|x86.Build.0 = Debug|Win32
		{1B502F0C-4A6C-41AB-9439-2E1C9DABFBA9}.Release|x64.ActiveCfg = Release|x64
		{1B502F0C-4A6C-41AB-9439-2E1C9DABFBA9}.Release|x64.Build.0 = Release|x64
		{1B502F0C-4A6C-41AB-9439-2E1C9DABFBA9}.Release|x86.ActiveCfg = Release|Win32
		{1B502F0C-4A6C-41AB-9439-2E1C9DABFBA9}.Release|x86.Build.0 = Release|Win32
		{813E369F-7E5E-4BEC-A7B4-7AA0B072C514}.Debug|x64.ActiveCfg = Debug|x64
		{813E369F-7E5E-4BEC-A7B4-7AA0B072C514}.Debug|x64.Build.0 = Debug|x64
		{813E369F-7E5E-4BEC-A7B4-7AA0B072C514}.Debug|x86.ActiveCfg = Debug|Win32
		{813E369F-7E5E-4BEC-A7B4-7AA0B072C514}.Debug|x86.Build.0 = Debug|Win32
		{813E369F-7E5E-4BEC-A7B4-7AA0B072C514}.Release|x64.ActiveCfg = Release|x64
		{813E369F-7E5E-4BEC-A7B4-7AA0B072C514}.Release|x64.Build.0 = Release|x64
		{813E369F-7E5E-4BEC-A7B4-7AA0B072C514}.Release|x86.ActiveCfg = Release|Win32
		{813E369F-7E5E-4BEC-A7B4-7AA0B072C514}.Release|x86.Build.0 = Release|Win32
		{393637CB-1214-494A-B641-0331A621208E}.Debug|x64.ActiveCfg = Debug|x64
		{393637CB-1214-494A-B641-0331A621208E}.Debug|x64.Build.0 = Debug|x64
		{393637CB-1214-494A-B641-0331A621208E}.Debug|x86.ActiveCfg = Debug|Win32
		{393637CB-1214-494A-B641-0331A621208E}.Debug|x86.Build.0 = Debug|Win32
		{393637CB-1214-494A-B641-0331A621208E}.Release|x64.ActiveCfg = Release|x64
		{393637CB-1214-494A-B641-0331A621208E}.Release|x64.Build.0 = Release|x64
		{393637CB-1214-494A-B641-0331A621208E}.Release|x86.ActiveCfg = Release|Win32
		{393637CB-1214-494A-B641-0331A621208E}.Release|x86.Build.0 = Release|Win32
		{76984062-0EFE-4C4E-8938-5DB3A63B768B}.Debug|x64.ActiveCfg = Debug|x64
		{76984062-0EFE-4C4E-8938-5DB3A63B768B}.Debug|x64.Build.0 = Debug|x64
		{76984062-0EFE-4C4E-8938-5DB3A63B768B}.Debug|x86.ActiveCfg = Debug|Win32
		{76984062-0EFE-4C4E-8938-5DB3A63B768B}.Debug|x86.Build.0 = Debug|Win32
		{76984062-0EFE-4C4E-8938-5DB3A63B768B}.Release|x64.ActiveCfg = Release|x64
		{76984062-0EFE-4C4E-8938-5DB3A63B768B}.Release|x64.Build.0 = Release|x64
		{76984062-0EFE-4C4E-8938-5DB3A63B768B}.Release|x86.ActiveCfg = Release|Win32
		{76984062-0EFE-4C4E-8938-5DB3A63B768B}.Release|x86.Build.0 = Release|Win32
		{C29417B0-C7D6-425A-A852-CDB29053F0AC}.Debug|x64.ActiveCfg = Debug|x64
		{C29417B0-C7D6-425A-A852-CDB29053F0AC}.Debug|x64.Build.0 = Debug|x64
		{C29417B0-C7D6-425A-A852-CDB29053F0AC}.Debug|x86.ActiveCfg = Debug|Win32
		{C29417B0-C7D6-425A-A852-CDB29053F0AC}.Debug|x86.Build.0 = Debug|Win32
		{C29417B0-C7D6-425A-A852-CDB29053F0AC}.Release|x64.ActiveCfg = Release|x64
		{C29417B0-C7D6-425A-A852-CDB29053F0AC}.Release|x64.Build.0 = Release|x64
		{C29417B0-C7D6-425A-A852-CDB29053F0AC}.Release|x86.ActiveCfg = Release|Win32
		{C29417B0-C7D6-425A-A852-CDB29053F0AC}.Release|x86.Build.0 = Release|Win32
		{41C2F230-44FE-48CE-A063-A8C6AF5B6DE7}.Debug|x64.ActiveCfg = Debug|x64
		{41C2F230-44FE-48CE-A063-A8C6AF5B6DE7}.Debug|x64.Build.0 = Debug|x64
		{41C2F230-44FE-48CE-A063-A8C6AF5B6DE7}.Debug|x86.ActiveCfg = Debug|Win32
		{41C2F230-44FE-48CE-A063-A8C6AF5B6DE7}.Debug|x86.Build.0 = Debug|Win32
		{41C2F230-44FE-48CE-A063-A8C6AF5B6DE7}.Release|x64.ActiveCfg = Release|x64
		{41C2F230-44FE-48CE-A063-A8C6AF5B6DE7}.Release|x64.Build.0 = Release|x64
		{41C2F230-44FE-48CE-A063-A8C6AF5B6DE7}.Release|x86.ActiveCfg = Release|Win32
		{41C2F230-44FE-48CE-A063-A8C6AF5B6DE7}.Release|x86.Build.0 = Release|Win32
		{FA0D6C60-0591-4D93-94D0-D3B0C28620DC}.Debug|x64.ActiveCfg = Debug|x64
		{FA0D6C60-0591-4D93-94D0-D3B0C28620DC}.Debug|x64.Build.0 = Debug|x64
		{FA0D6C60-0591-4D93-94D0-D3B0C28620DC}.Debug|x86.ActiveCfg = Debug|Win32
		{FA0D6C60-0591-4D93-94D0-D3B0C28620DC}.Debug|x86.Build.0 = Debug|Win32
		{FA0D6C60-0591-4D93-94D0-D3B0C28620DC}.Release|x64.ActiveCfg = Release|x64
		{FA0D6C60-0591-4D93-94D0-D3B0C28620DC}.Release|x64.Build.0 = Release|x64
		{FA0D6C60-0591-4D93-94D0-D3B0C28620DC}.Release|x86.ActiveCfg = Release|Win32
		{FA0D6C60-0591-4D93-94D0-D3B0C28620DC}.Release|x86.Build.0 = Release|Win32
		{3B0FD846-B7E0-43B3-B8CB-B18F8C17001F}.Debug|x64.ActiveCfg = Debug|x64
		{3B0FD846-B7E0-43B3-B8CB-B18F8C17001F}.Debug|x64.Build.0 = Debug|x64
		{3B0FD846-B7E0-43B3-B8CB-B18F8C17001F}.Debug|x86.ActiveCfg = Debug|Win32
		{3B0FD846-B7E0-43B3-B8CB-B18F8C17001F}.Debug|x86.Build.0 = Debug|Win32
		{3B0FD846-B7E0-43B3-B8CB-B18F8C17001F}.Release|x64.ActiveCfg = Release|x64
		{3B0FD846-B7E0-43B3-B8CB-B18F8C17001F}.Release|x64.Build.0 = Release|x64
		{3B0FD846-B7E0-43B3-B8CB-B18F8C17001F}.Release|x86.ActiveCfg = Release|Win32
		{3B0FD846-B7E0-43B3-B8CB-B18F8C17001F}.Release|x86.Build.0 = Release|Win32
		{52E8824A-2109-4DC5-9057-51A89D9828A3}.Debug|x64.ActiveCfg = Debug|x64
		{52E8824A-2109-4DC5-9057-51A89D9828A3}.Debug|x64.Build.0 = Debug|x64
		{52E8824A-2109-4DC5-9057-51A89D9828A3}.Debug|x86.ActiveCfg = Debug|Win32
		{52E8824A-2109-4DC5-9057-51A89D9828A3}.Debug|x86.Build.0 = Debug|Win32
		{52E8824A-2109-4DC5-9057-51A89D9828A3}.Release|x64.ActiveCfg = Release|x64
		{52E8824A-2109-4DC5-9057-51A89D9828A3}.Release|x64.Build.0 = Release|x64
		{52E8824A-2109-4DC5-9057-51A89D9828A3}.Release|x86.ActiveCfg = Release|Win32
		{52E8824A-2109-4DC5-9057-51A89D9828A3}.Release|x86.Build.0 = Release|Win32
		{0CD6C85A-BF20-44CB-A704-3ED9326AE06B}.Debug|x64.ActiveCfg = Debug|x64
		{0CD6C85A-BF20-44CB-A704-3ED9326AE06B}.Debug|x64.Build.0 = Debug|x64
		{0CD6C85A-BF20-44CB-A704-3ED9326AE06B}.Debug|x86.ActiveCfg = Debug|Win32
		{0CD6C85A-BF20-44CB-A704-3ED9326AE06B}.Debug|x86.Build.0 = Debug|Win32
		{0CD6C85A-BF20-44CB-A704-3ED9326AE06B}.Release|x64.ActiveCfg = Release|x64
		{0CD6C85A-BF20-44CB-A704-3ED9326AE06B}.Release|x64.Build.0 = Release|x64
		{0CD6C85A-BF20-44CB-A704-3ED9326AE06B}.Release|x86.ActiveCfg = Release|Win32
		{0CD6C85A-BF20-44CB-A704-3ED9326AE06B}.Release|x86.Build.0 = Release|Win32
		{C04D9BD0-5606-476A-B7C4-CB7797524726}.Debug|x64.ActiveCfg = Debug|x64
		{C04D9BD0-5606-476A-B7C4-CB7797524726}.Debug|x64.Build.0 = Debug|x64
		{C04D9BD0-5606-476A-B7C4-CB7797524726}.Debug|x86.ActiveCfg = Debug|Win32
		{C04D9BD0-5606-476A-B7C4-CB7797524726}.Debug|x86.Build.0 = Debug|Win32
		{C04D9BD0-5606-476A-B7C4-CB7797524726}.Release|x64.ActiveCfg = Release|x64
		{C04D9BD0-5606-476A-B7C4-CB7797524726}.Release|x64.Build.0 = Release|x64
		{C04D9BD0-5606-476A-B7C4-CB7797524726}.Release|x86.ActiveCfg = Release|Win32
		{C04D9BD0-5606-476A-B7C4-CB7797524726}.Release|x86.Build.0 = Release|Win32
		{34C830DE-2ABB-4274-99E0-74112CEC7946}.Debug|x64.ActiveCfg = Debug|x64
		{34C830DE-2ABB-4274-99E0-74112CEC7946}.Debug|x64.Build.0 = Debug|x64
		{34C830DE-2ABB-4274-99E0-74112CEC7946}.Debug|x86.ActiveCfg = Debug|Win32
		{34C830DE-2ABB-4274-99E0-74112CEC7946}.Debug|x86.Build.0 = Debug|Win32
		{34C830DE-2ABB-4274-99E0-74112CEC7946}.Release|x64.ActiveCfg = Release|x64
		{34C830DE-2ABB-4274-99E0-74112CEC7946}.Release|x64.Build.0 = Release|x64
		{34C830DE-2ABB-4274-99E0-74112CEC7946}.Release|x86.ActiveCfg = Release|Win32
		{34C830DE-2ABB-4274-99E0-74112CEC7946}.Release|x86.Build.0 = Release|Win32
		{36F4894E-AEDD-4AEC-8471-BD4163786CAE}.Debug|x64.ActiveCfg = Debug|x64
		{36F4894E-AEDD-4AEC-8471-BD4163786CAE}.Debug|x64.Build.0 = Debug|x64
		{36F4894E-AEDD-4AEC-8471-BD4163786CAE}.Debug|x86.ActiveCfg = Debug|Win32
		{36F4894E-AEDD-4AEC-8471-BD4163786CAE}.Debug|x86.Build.0 = Debug|Win32
		{36F4894E-AEDD-4AEC-8471-BD4163786CAE}.Release|x64.ActiveCfg = Release|x64
		{36F4894E-AEDD-4AEC-8471-BD4163786CAE}.Release|x64.Build.0 = Release|x64
		{36F4894E-AEDD-4AEC-8471-BD4163786CAE}.Release|x86.ActiveCfg = Release|Win32
		{36F4894E-AEDD-4AEC-8471-BD4163786CAE}.Release|x86.Build.0 = Release|Win32
		{4ED2CE81-6A58-46AD-96CD-128CD51A13FA}.Debug|x64.ActiveCfg = Debug|x64
		{4ED2CE81-6A58-46AD-96CD-128CD51A13FA}.Debug|x64.Build.0 = Debug|x64
		{4ED2CE81-6A58-46AD-96CD-128CD51A13FA}.Debug|x86.ActiveCfg = Debug|Win32
		{4ED2CE81-6A58-46AD-96CD-128CD51A13FA}.Debug|x86.Build.0 = Debug|Win32
		{4ED2CE81-6A58-46AD-96CD-128CD51A13FA}.Release|x64.ActiveCfg = Release|x64
		{4ED2CE81-6A58-46AD-96CD-128CD51A13FA}.Release|x64.Build.0 = Release|x64
		{4ED2CE81-6A58-46AD-96CD-128CD51A13FA}.Release|x86.ActiveCfg = Release|Win32
		{4ED2CE81-6A58-46AD-96CD-128CD51A13FA}.Release|x86.Build.0 = Release|Win32
		{1C138705-FA4C-4CF1-9AFF-3008D3A22611}.Debug|x64.ActiveCfg = Debug|x64
		{1C138705-FA4C-4CF1-9AFF-3008D3A22611}.Debug|x64.Build.0 = Debug|x64
		{1C138705-FA4C-4CF1-9AFF-3008D3A22611}.Debug|x86.ActiveCfg = Debug|Win32
		{1C138705-FA4C-4CF1-9AFF-3008D3A22611}.Debug|x86.Build.0 = Debug|Win32
		{1C138705-FA4C-4CF1-9AFF-3008D3A22611}.Release|x64.ActiveCfg = Release|x64
		{1C138705-FA4C-4CF1-9AFF-3008D3A22611}.Release|x64.Build.0 = Release|x64
		{1C138705-FA4C-4CF1-9AFF-3008D3A22611}.Release|x86.ActiveCfg = Release|Win32
		{1C138705-FA4C-4CF1-9AFF-3008D3A22611}.Release|x86.Build.0 = Release|Win32
		{9BCCAE4A-EB78-46E8-A65D-DEEACE00BB58}.Debug|x64.ActiveCfg = Debug|x64
		{9BCCAE4A-EB78-46E8-A65D-DEEACE00BB58}.Debug|x64.Build.0 = Debug|x64
		{9BCCAE4A-EB78-46E8-A65D-DEEACE00BB58}.Debug|x86.ActiveCfg = Debug|Win32
		{9BCCAE4A-EB78-46E8-A65D-DEEACE00BB58}.Debug|x86.Build.0 = Debug|Win32
		{9BCCAE4A-EB78-46E8-A65D-DEEACE00BB58}.Release|x64.ActiveCfg = Release|x64
		{9BCCAE4A-EB78-46E8-A65D-DEEACE00BB58}.Release|x64.Build.0 = Release|x64
		{9BCCAE4A-EB78-46E8-A65D-DEEACE00BB58}.Release|x86.ActiveCfg = Release|Win32
		{9BCCAE4A-EB78-46E8-A65D-DEEACE00BB58}.Release|x86.Build.0 = Release|Win32
		{A172E4A6-1A1E-44D7-9952-981F49E7EBCF}.Debug|x64.ActiveCfg = Debug|x64
		{A172E4A6-1A1E-44D7-9952-981F49E7EBCF}.Debug|x64.Build.0 = Debug|x64
		{A172E4A6-1A1E-44D7-9952-981F49E7EBCF}.Debug|x86.ActiveCfg = Debug|Win32
		{A172E4A6-1A1E-44D7-9952-981F49E7EBCF}.Debug|x86.Build.0 = Debug|Win32
		{A172E4A6-1A1E-44D7-9952-981F49E7EBCF}.Release|x64.ActiveCfg = Release|x64
		{A172E4A6-1A1E-44D7-9952-981F49E7EBCF}.Release|x64.Build.0 = Release|x64
		{A172E4A6-1A1E-44D7-9952-981F49E7EBCF}.Release|x86.ActiveCfg = Release|Win32
		{A172E4A6-1A1E-44D7-9952-981F49E7EBCF}.Release|x86.Build.0 = Release|Win32
		{6BF7E256-A93C-4AC1-A15E-623018809A8B}.Debug|x64.ActiveCfg = Debug|x64
		{6BF7E256-A93C-4AC1-A15E-623018809A8B}.Debug|x64.Build.0 = Debug|x64
		{6BF7E256-A93C-4AC1-A15E-623018809A8B}.Debug|x86.ActiveCfg = Debug|Win32
		{6BF7E256-A93C-4AC1-A15E-623018809A8B}.Debug|x86.Build.0 = Debug|Win32
		{6BF7E256-A93C-4AC1-A15E-623018809A8B}.Release|x64.ActiveCfg = Release|x64
		{6BF7E256-A93C-4AC1-A15E-623018809A8B}.Release|x64.Build.0 = Release|x64
		{6BF7E256-A93C-4AC1-A15E-623018809A8B}.Release|x86.ActiveCfg = Release|Win32
		{6BF7E256-A93C-4AC1-A15E-623018809A8B}.Release|x86.Build.0 = Release|Win32
	EndGlobalSection
	GlobalSection(SolutionProperties) = preSolution
		HideSolutionNode = FALSE
	EndGlobalSection
	GlobalSection(ExtensibilityGlobals) = postSolution
		SolutionGuid = {57977A2C-6D20-4289-9E8D-CDAC06CC0032}
	EndGlobalSection
EndGlobal
